
Microsoft Visual Studio Solution File, Format Version 12.00
# Visual Studio Version 17
VisualStudioVersion = 17.4.33110.190
MinimumVisualStudioVersion = 10.0.40219.1
Project("{FAE04EC0-301F-11D3-BF4B-00C04F79EFBC}") = "employee", "employee\employee.csproj", "{8350FB9F-E162-4266-9F1F-68DC31205C26}"
EndProject
Global
	GlobalSection(SolutionConfigurationPlatforms) = preSolution
		Debug|Any CPU = Debug|Any CPU
		Release|Any CPU = Release|Any CPU
	EndGlobalSection
	GlobalSection(ProjectConfigurationPlatforms) = postSolution
		{8350FB9F-E162-4266-9F1F-68DC31205C26}.Debug|Any CPU.ActiveCfg = Debug|Any CPU
		{8350FB9F-E162-4266-9F1F-68DC31205C26}.Debug|Any CPU.Build.0 = Debug|Any CPU
		{8350FB9F-E162-4266-9F1F-68DC31205C26}.Release|Any CPU.ActiveCfg = Release|Any CPU
		{8350FB9F-E162-4266-9F1F-68DC31205C26}.Release|Any CPU.Build.0 = Release|Any CPU
	EndGlobalSection
	GlobalSection(SolutionProperties) = preSolution
		HideSolutionNode = FALSE
	EndGlobalSection
	GlobalSection(ExtensibilityGlobals) = postSolution
		SolutionGuid = {23C2519D-26D2-4263-BDD9-3DD6977F7A5C}
	EndGlobalSection
EndGlobal
