
Microsoft Visual Studio Solution File, Format Version 12.00
# Visual Studio Version 17
VisualStudioVersion = 17.1.32210.238
MinimumVisualStudioVersion = 10.0.40219.1
Project("{FAE04EC0-301F-11D3-BF4B-00C04F79EFBC}") = "NewProject", "NewProject\NewProject.csproj", "{EC1786CF-E07B-4D67-B198-1FDE2D2A5D65}"
EndProject
Global
	GlobalSection(SolutionConfigurationPlatforms) = preSolution
		Debug|Any CPU = Debug|Any CPU
		Release|Any CPU = Release|Any CPU
	EndGlobalSection
	GlobalSection(ProjectConfigurationPlatforms) = postSolution
		{EC1786CF-E07B-4D67-B198-1FDE2D2A5D65}.Debug|Any CPU.ActiveCfg = Debug|Any CPU
		{EC1786CF-E07B-4D67-B198-1FDE2D2A5D65}.Debug|Any CPU.Build.0 = Debug|Any CPU
		{EC1786CF-E07B-4D67-B198-1FDE2D2A5D65}.Release|Any CPU.ActiveCfg = Release|Any CPU
		{EC1786CF-E07B-4D67-B198-1FDE2D2A5D65}.Release|Any CPU.Build.0 = Release|Any CPU
	EndGlobalSection
	GlobalSection(SolutionProperties) = preSolution
		HideSolutionNode = FALSE
	EndGlobalSection
	GlobalSection(ExtensibilityGlobals) = postSolution
		SolutionGuid = {B02C11EA-7C86-4D45-82AF-2592F92CD9BB}
	EndGlobalSection
EndGlobal
